
Microsoft Visual Studio Solution File, Format Version 12.00
Project("{FAE04EC0-301F-11D3-BF4B-00C04F79EFBC}") = "WebApplication1", "WebApplication1\WebApplication1.csproj", "{609C67E8-2956-46B4-A1A2-AAA7D8F64AC6}"
EndProject
Global
	GlobalSection(SolutionConfigurationPlatforms) = preSolution
		Debug|Any CPU = Debug|Any CPU
		Release|Any CPU = Release|Any CPU
	EndGlobalSection
	GlobalSection(ProjectConfigurationPlatforms) = postSolution
		{609C67E8-2956-46B4-A1A2-AAA7D8F64AC6}.Debug|Any CPU.ActiveCfg = Debug|Any CPU
		{609C67E8-2956-46B4-A1A2-AAA7D8F64AC6}.Debug|Any CPU.Build.0 = Debug|Any CPU
		{609C67E8-2956-46B4-A1A2-AAA7D8F64AC6}.Release|Any CPU.ActiveCfg = Release|Any CPU
		{609C67E8-2956-46B4-A1A2-AAA7D8F64AC6}.Release|Any CPU.Build.0 = Release|Any CPU
	EndGlobalSection
EndGlobal
